
Microsoft Visual Studio Solution File, Format Version 12.00
# Visual Studio Version 17
VisualStudioVersion = 17.9.34701.34
MinimumVisualStudioVersion = 10.0.40219.1
Project("{FAE04EC0-301F-11D3-BF4B-00C04F79EFBC}") = "WebApi", "WebApi.csproj", "{0AB525E3-CCEB-4F2A-B76B-50F11E0B1CB3}"
EndProject
Project("{FAE04EC0-301F-11D3-BF4B-00C04F79EFBC}") = "Services", "..\Services\Services.csproj", "{DA9906C5-4583-410B-A74A-C19673265E51}"
EndProject
Global
	GlobalSection(SolutionConfigurationPlatforms) = preSolution
		Debug|Any CPU = Debug|Any CPU
		Release|Any CPU = Release|Any CPU
	EndGlobalSection
	GlobalSection(ProjectConfigurationPlatforms) = postSolution
		{0AB525E3-CCEB-4F2A-B76B-50F11E0B1CB3}.Debug|Any CPU.ActiveCfg = Debug|Any CPU
		{0AB525E3-CCEB-4F2A-B76B-50F11E0B1CB3}.Debug|Any CPU.Build.0 = Debug|Any CPU
		{0AB525E3-CCEB-4F2A-B76B-50F11E0B1CB3}.Release|Any CPU.ActiveCfg = Release|Any CPU
		{0AB525E3-CCEB-4F2A-B76B-50F11E0B1CB3}.Release|Any CPU.Build.0 = Release|Any CPU
		{DA9906C5-4583-410B-A74A-C19673265E51}.Debug|Any CPU.ActiveCfg = Debug|Any CPU
		{DA9906C5-4583-410B-A74A-C19673265E51}.Debug|Any CPU.Build.0 = Debug|Any CPU
		{DA9906C5-4583-410B-A74A-C19673265E51}.Release|Any CPU.ActiveCfg = Release|Any CPU
		{DA9906C5-4583-410B-A74A-C19673265E51}.Release|Any CPU.Build.0 = Release|Any CPU
	EndGlobalSection
	GlobalSection(SolutionProperties) = preSolution
		HideSolutionNode = FALSE
	EndGlobalSection
	GlobalSection(ExtensibilityGlobals) = postSolution
		SolutionGuid = {47202F9F-94F9-42CA-8576-7EAA2211A390}
	EndGlobalSection
EndGlobal
